
Microsoft Visual Studio Solution File, Format Version 12.00
# Visual Studio Version 17
Project("{2150E333-8FDC-42A3-9474-1A3956D46DE8}") = "CMakePredefinedTargets", "CMakePredefinedTargets", "{ED174917-B042-3422-ABCE-BCCA979E9719}"
EndProject
Project("{2150E333-8FDC-42A3-9474-1A3956D46DE8}") = "plugins", "plugins", "{12E5B9EF-7881-39C0-AA06-01D1BD437D64}"
EndProject
Project("{2150E333-8FDC-42A3-9474-1A3956D46DE8}") = "bongobs-cat", "plugins\bongobs-cat", "{065E03DE-3F99-3F57-9853-400CCA47ABA2}"
EndProject
Project("{8BC9CEB8-8B4A-11D0-8D11-00A0C91BC942}") = "ALL_BUILD", "ALL_BUILD.vcxproj", "{4BE5B681-DECF-3FE0-9872-29CD3A11D964}"
	ProjectSection(ProjectDependencies) = postProject
		{2939E450-C8B6-3281-A3A1-418AE5CAE3B1} = {2939E450-C8B6-3281-A3A1-418AE5CAE3B1}
		{151E75C1-8263-3278-830C-0FDEBEEA37F1} = {151E75C1-8263-3278-830C-0FDEBEEA37F1}
		{2008759C-C1A7-3F14-9D6F-8B909378E067} = {2008759C-C1A7-3F14-9D6F-8B909378E067}
		{4B51F268-13FC-365B-9811-248EB92386B7} = {4B51F268-13FC-365B-9811-248EB92386B7}
		{A3D7EE42-1222-3F3B-B165-3B9F4C8AF79C} = {A3D7EE42-1222-3F3B-B165-3B9F4C8AF79C}
	EndProjectSection
EndProject
Project("{8BC9CEB8-8B4A-11D0-8D11-00A0C91BC942}") = "INSTALL", "INSTALL.vcxproj", "{933A478C-46CB-3599-82F9-1935824C9407}"
	ProjectSection(ProjectDependencies) = postProject
		{4BE5B681-DECF-3FE0-9872-29CD3A11D964} = {4BE5B681-DECF-3FE0-9872-29CD3A11D964}
		{2939E450-C8B6-3281-A3A1-418AE5CAE3B1} = {2939E450-C8B6-3281-A3A1-418AE5CAE3B1}
	EndProjectSection
EndProject
Project("{8BC9CEB8-8B4A-11D0-8D11-00A0C91BC942}") = "ZERO_CHECK", "C:\Users\Hipot\Videos\Trabajo\bongo cat\Bongobs-Cat-Plugin\build\ZERO_CHECK.vcxproj", "{2939E450-C8B6-3281-A3A1-418AE5CAE3B1}"
	ProjectSection(ProjectDependencies) = postProject
	EndProjectSection
EndProject
Project("{8BC9CEB8-8B4A-11D0-8D11-00A0C91BC942}") = "glew", "glew.vcxproj", "{151E75C1-8263-3278-830C-0FDEBEEA37F1}"
	ProjectSection(ProjectDependencies) = postProject
		{2939E450-C8B6-3281-A3A1-418AE5CAE3B1} = {2939E450-C8B6-3281-A3A1-418AE5CAE3B1}
	EndProjectSection
EndProject
Project("{8BC9CEB8-8B4A-11D0-8D11-00A0C91BC942}") = "glew_s", "glew_s.vcxproj", "{2008759C-C1A7-3F14-9D6F-8B909378E067}"
	ProjectSection(ProjectDependencies) = postProject
		{2939E450-C8B6-3281-A3A1-418AE5CAE3B1} = {2939E450-C8B6-3281-A3A1-418AE5CAE3B1}
	EndProjectSection
EndProject
Project("{8BC9CEB8-8B4A-11D0-8D11-00A0C91BC942}") = "glewinfo", "glewinfo.vcxproj", "{4B51F268-13FC-365B-9811-248EB92386B7}"
	ProjectSection(ProjectDependencies) = postProject
		{2939E450-C8B6-3281-A3A1-418AE5CAE3B1} = {2939E450-C8B6-3281-A3A1-418AE5CAE3B1}
		{151E75C1-8263-3278-830C-0FDEBEEA37F1} = {151E75C1-8263-3278-830C-0FDEBEEA37F1}
	EndProjectSection
EndProject
Project("{8BC9CEB8-8B4A-11D0-8D11-00A0C91BC942}") = "uninstall", "uninstall.vcxproj", "{603C5AD4-74C9-3C2E-887A-5B1523691B14}"
	ProjectSection(ProjectDependencies) = postProject
		{2939E450-C8B6-3281-A3A1-418AE5CAE3B1} = {2939E450-C8B6-3281-A3A1-418AE5CAE3B1}
	EndProjectSection
EndProject
Project("{8BC9CEB8-8B4A-11D0-8D11-00A0C91BC942}") = "visualinfo", "visualinfo.vcxproj", "{A3D7EE42-1222-3F3B-B165-3B9F4C8AF79C}"
	ProjectSection(ProjectDependencies) = postProject
		{2939E450-C8B6-3281-A3A1-418AE5CAE3B1} = {2939E450-C8B6-3281-A3A1-418AE5CAE3B1}
		{151E75C1-8263-3278-830C-0FDEBEEA37F1} = {151E75C1-8263-3278-830C-0FDEBEEA37F1}
	EndProjectSection
EndProject
Global
	GlobalSection(SolutionConfigurationPlatforms) = preSolution
		Debug|x64 = Debug|x64
		Release|x64 = Release|x64
		MinSizeRel|x64 = MinSizeRel|x64
		RelWithDebInfo|x64 = RelWithDebInfo|x64
	EndGlobalSection
	GlobalSection(ProjectConfigurationPlatforms) = postSolution
		{4BE5B681-DECF-3FE0-9872-29CD3A11D964}.Debug|x64.ActiveCfg = Debug|x64
		{4BE5B681-DECF-3FE0-9872-29CD3A11D964}.Debug|x64.Build.0 = Debug|x64
		{4BE5B681-DECF-3FE0-9872-29CD3A11D964}.Release|x64.ActiveCfg = Release|x64
		{4BE5B681-DECF-3FE0-9872-29CD3A11D964}.Release|x64.Build.0 = Release|x64
		{4BE5B681-DECF-3FE0-9872-29CD3A11D964}.MinSizeRel|x64.ActiveCfg = MinSizeRel|x64
		{4BE5B681-DECF-3FE0-9872-29CD3A11D964}.MinSizeRel|x64.Build.0 = MinSizeRel|x64
		{4BE5B681-DECF-3FE0-9872-29CD3A11D964}.RelWithDebInfo|x64.ActiveCfg = RelWithDebInfo|x64
		{4BE5B681-DECF-3FE0-9872-29CD3A11D964}.RelWithDebInfo|x64.Build.0 = RelWithDebInfo|x64
		{933A478C-46CB-3599-82F9-1935824C9407}.Debug|x64.ActiveCfg = Debug|x64
		{933A478C-46CB-3599-82F9-1935824C9407}.Release|x64.ActiveCfg = Release|x64
		{933A478C-46CB-3599-82F9-1935824C9407}.MinSizeRel|x64.ActiveCfg = MinSizeRel|x64
		{933A478C-46CB-3599-82F9-1935824C9407}.RelWithDebInfo|x64.ActiveCfg = RelWithDebInfo|x64
		{2939E450-C8B6-3281-A3A1-418AE5CAE3B1}.Debug|x64.ActiveCfg = Debug|x64
		{2939E450-C8B6-3281-A3A1-418AE5CAE3B1}.Debug|x64.Build.0 = Debug|x64
		{2939E450-C8B6-3281-A3A1-418AE5CAE3B1}.Release|x64.ActiveCfg = Release|x64
		{2939E450-C8B6-3281-A3A1-418AE5CAE3B1}.Release|x64.Build.0 = Release|x64
		{2939E450-C8B6-3281-A3A1-418AE5CAE3B1}.MinSizeRel|x64.ActiveCfg = MinSizeRel|x64
		{2939E450-C8B6-3281-A3A1-418AE5CAE3B1}.MinSizeRel|x64.Build.0 = MinSizeRel|x64
		{2939E450-C8B6-3281-A3A1-418AE5CAE3B1}.RelWithDebInfo|x64.ActiveCfg = RelWithDebInfo|x64
		{2939E450-C8B6-3281-A3A1-418AE5CAE3B1}.RelWithDebInfo|x64.Build.0 = RelWithDebInfo|x64
		{151E75C1-8263-3278-830C-0FDEBEEA37F1}.Debug|x64.ActiveCfg = Debug|x64
		{151E75C1-8263-3278-830C-0FDEBEEA37F1}.Debug|x64.Build.0 = Debug|x64
		{151E75C1-8263-3278-830C-0FDEBEEA37F1}.Release|x64.ActiveCfg = Release|x64
		{151E75C1-8263-3278-830C-0FDEBEEA37F1}.Release|x64.Build.0 = Release|x64
		{151E75C1-8263-3278-830C-0FDEBEEA37F1}.MinSizeRel|x64.ActiveCfg = MinSizeRel|x64
		{151E75C1-8263-3278-830C-0FDEBEEA37F1}.MinSizeRel|x64.Build.0 = MinSizeRel|x64
		{151E75C1-8263-3278-830C-0FDEBEEA37F1}.RelWithDebInfo|x64.ActiveCfg = RelWithDebInfo|x64
		{151E75C1-8263-3278-830C-0FDEBEEA37F1}.RelWithDebInfo|x64.Build.0 = RelWithDebInfo|x64
		{2008759C-C1A7-3F14-9D6F-8B909378E067}.Debug|x64.ActiveCfg = Debug|x64
		{2008759C-C1A7-3F14-9D6F-8B909378E067}.Debug|x64.Build.0 = Debug|x64
		{2008759C-C1A7-3F14-9D6F-8B909378E067}.Release|x64.ActiveCfg = Release|x64
		{2008759C-C1A7-3F14-9D6F-8B909378E067}.Release|x64.Build.0 = Release|x64
		{2008759C-C1A7-3F14-9D6F-8B909378E067}.MinSizeRel|x64.ActiveCfg = MinSizeRel|x64
		{2008759C-C1A7-3F14-9D6F-8B909378E067}.MinSizeRel|x64.Build.0 = MinSizeRel|x64
		{2008759C-C1A7-3F14-9D6F-8B909378E067}.RelWithDebInfo|x64.ActiveCfg = RelWithDebInfo|x64
		{2008759C-C1A7-3F14-9D6F-8B909378E067}.RelWithDebInfo|x64.Build.0 = RelWithDebInfo|x64
		{4B51F268-13FC-365B-9811-248EB92386B7}.Debug|x64.ActiveCfg = Debug|x64
		{4B51F268-13FC-365B-9811-248EB92386B7}.Debug|x64.Build.0 = Debug|x64
		{4B51F268-13FC-365B-9811-248EB92386B7}.Release|x64.ActiveCfg = Release|x64
		{4B51F268-13FC-365B-9811-248EB92386B7}.Release|x64.Build.0 = Release|x64
		{4B51F268-13FC-365B-9811-248EB92386B7}.MinSizeRel|x64.ActiveCfg = MinSizeRel|x64
		{4B51F268-13FC-365B-9811-248EB92386B7}.MinSizeRel|x64.Build.0 = MinSizeRel|x64
		{4B51F268-13FC-365B-9811-248EB92386B7}.RelWithDebInfo|x64.ActiveCfg = RelWithDebInfo|x64
		{4B51F268-13FC-365B-9811-248EB92386B7}.RelWithDebInfo|x64.Build.0 = RelWithDebInfo|x64
		{603C5AD4-74C9-3C2E-887A-5B1523691B14}.Debug|x64.ActiveCfg = Debug|x64
		{603C5AD4-74C9-3C2E-887A-5B1523691B14}.Release|x64.ActiveCfg = Release|x64
		{603C5AD4-74C9-3C2E-887A-5B1523691B14}.MinSizeRel|x64.ActiveCfg = MinSizeRel|x64
		{603C5AD4-74C9-3C2E-887A-5B1523691B14}.RelWithDebInfo|x64.ActiveCfg = RelWithDebInfo|x64
		{A3D7EE42-1222-3F3B-B165-3B9F4C8AF79C}.Debug|x64.ActiveCfg = Debug|x64
		{A3D7EE42-1222-3F3B-B165-3B9F4C8AF79C}.Debug|x64.Build.0 = Debug|x64
		{A3D7EE42-1222-3F3B-B165-3B9F4C8AF79C}.Release|x64.ActiveCfg = Release|x64
		{A3D7EE42-1222-3F3B-B165-3B9F4C8AF79C}.Release|x64.Build.0 = Release|x64
		{A3D7EE42-1222-3F3B-B165-3B9F4C8AF79C}.MinSizeRel|x64.ActiveCfg = MinSizeRel|x64
		{A3D7EE42-1222-3F3B-B165-3B9F4C8AF79C}.MinSizeRel|x64.Build.0 = MinSizeRel|x64
		{A3D7EE42-1222-3F3B-B165-3B9F4C8AF79C}.RelWithDebInfo|x64.ActiveCfg = RelWithDebInfo|x64
		{A3D7EE42-1222-3F3B-B165-3B9F4C8AF79C}.RelWithDebInfo|x64.Build.0 = RelWithDebInfo|x64
	EndGlobalSection
	GlobalSection(NestedProjects) = preSolution
		{4BE5B681-DECF-3FE0-9872-29CD3A11D964} = {ED174917-B042-3422-ABCE-BCCA979E9719}
		{933A478C-46CB-3599-82F9-1935824C9407} = {ED174917-B042-3422-ABCE-BCCA979E9719}
		{2939E450-C8B6-3281-A3A1-418AE5CAE3B1} = {ED174917-B042-3422-ABCE-BCCA979E9719}
		{065E03DE-3F99-3F57-9853-400CCA47ABA2} = {12E5B9EF-7881-39C0-AA06-01D1BD437D64}
		{151E75C1-8263-3278-830C-0FDEBEEA37F1} = {065E03DE-3F99-3F57-9853-400CCA47ABA2}
		{2008759C-C1A7-3F14-9D6F-8B909378E067} = {065E03DE-3F99-3F57-9853-400CCA47ABA2}
	EndGlobalSection
	GlobalSection(ExtensibilityGlobals) = postSolution
		SolutionGuid = {12DF2469-4618-3919-8D3B-2ED83F1BD92C}
	EndGlobalSection
	GlobalSection(ExtensibilityAddIns) = postSolution
	EndGlobalSection
EndGlobal
